{
  "name": "@spirit-agent/acp-server",
  "version": "0.1.0",
  "lockfileVersion": 3,
  "requires": true,
  "packages": {
    "": {
      "name": "@spirit-agent/acp-server",
      "version": "0.1.0",
      "dependencies": {
        "@agentclientprotocol/sdk": "^0.25.0",
        "@spirit-agent/core": "file:../agent-core",
        "@spirit-agent/host-internal": "file:../host-internal"
      },
      "bin": {
        "spirit-agent-acp": "dist/stdio-entry.js"
      },
      "devDependencies": {
        "@types/node": "^25.5.2",
        "typescript": "^5.6.3"
      },
      "engines": {
        "node": ">=22"
      }
    },
    "../agent-core": {
      "name": "@spirit-agent/core",
      "version": "0.1.0",
      "license": "MIT",
      "dependencies": {
        "@ai-sdk/alibaba": "^1.0.22",
        "@ai-sdk/anthropic": "^2.0.79",
        "@ai-sdk/deepseek": "^2.0.32",
        "@ai-sdk/gateway": "^3.0.121",
        "@ai-sdk/moonshotai": "^2.0.23",
        "@ai-sdk/open-responses": "^1.0.16",
        "@ai-sdk/openai": "^3.0.67",
        "@ai-sdk/openai-compatible": "^2.0.46",
        "@ai-sdk/xai": "^3.0.93",
        "@modelcontextprotocol/sdk": "^1.29.0",
        "ai": "^6.0.175",
        "undici": "^7.27.2"
      },
      "devDependencies": {
        "@types/node": "^25.5.2",
        "license-checker-rseidelsohn": "^4.4.2",
        "typescript": "^5.6.3"
      },
      "engines": {
        "node": ">=22"
      }
    },
    "../host-internal": {
      "name": "@spirit-agent/host-internal",
      "version": "0.1.0",
      "dependencies": {
        "@spirit-agent/core": "file:../agent-core",
        "fast-glob": "^3.3.3",
        "fflate": "^0.8.2",
        "glob": "^13.0.6",
        "ignore": "^5.3.2",
        "spirit-agent-repo": "file:../..",
        "tar": "^7.5.13",
        "vscode-jsonrpc": "^8.2.1",
        "vscode-languageserver-protocol": "^3.17.5"
      },
      "devDependencies": {
        "@types/node": "^25.6.0",
        "license-checker-rseidelsohn": "^4.4.2",
        "typescript": "^5.6.3"
      },
      "engines": {
        "node": ">=22"
      }
    },
    "node_modules/@agentclientprotocol/sdk": {
      "version": "0.25.0",
      "resolved": "https://registry.npmjs.org/@agentclientprotocol/sdk/-/sdk-0.25.0.tgz",
      "integrity": "sha512-wU1VgXNtMvdVotX49txc3WJUDV+/QbLpsgjMvFhlRmp37osdLbI7L7y+iwAlQATwfjLxcv1r1p3ZxZBcXlGhcQ==",
      "license": "Apache-2.0",
      "peerDependencies": {
        "zod": "^3.25.0 || ^4.0.0"
      }
    },
    "node_modules/@spirit-agent/core": {
      "resolved": "../agent-core",
      "link": true
    },
    "node_modules/@spirit-agent/host-internal": {
      "resolved": "../host-internal",
      "link": true
    },
    "node_modules/@types/node": {
      "version": "25.9.2",
      "resolved": "https://registry.npmjs.org/@types/node/-/node-25.9.2.tgz",
      "integrity": "sha512-G05zqtJhcDLb8uslf5EjCxXg9G1KQxiV8OS0R26IC//Eoyitzqe8z37I7cqvnZlrlSfgocQRfSn/AHBZJJFyGw==",
      "dev": true,
      "license": "MIT",
      "dependencies": {
        "undici-types": ">=7.24.0 <7.24.7"
      }
    },
    "node_modules/typescript": {
      "version": "5.9.3",
      "resolved": "https://registry.npmjs.org/typescript/-/typescript-5.9.3.tgz",
      "integrity": "sha512-jl1vZzPDinLr9eUt3J/t7V6FgNEw9QjvBPdysz9KfQDD41fQrC2Y4vKQdiaUpFT4bXlb1RHhLpp8wtm6M5TgSw==",
      "dev": true,
      "license": "Apache-2.0",
      "bin": {
        "tsc": "bin/tsc",
        "tsserver": "bin/tsserver"
      },
      "engines": {
        "node": ">=14.17"
      }
    },
    "node_modules/undici-types": {
      "version": "7.24.6",
      "resolved": "https://registry.npmjs.org/undici-types/-/undici-types-7.24.6.tgz",
      "integrity": "sha512-WRNW+sJgj5OBN4/0JpHFqtqzhpbnV0GuB+OozA9gCL7a993SmU+1JBZCzLNxYsbMfIeDL+lTsphD5jN5N+n0zg==",
      "dev": true,
      "license": "MIT"
    },
    "node_modules/zod": {
      "version": "4.4.3",
      "resolved": "https://registry.npmjs.org/zod/-/zod-4.4.3.tgz",
      "integrity": "sha512-ytENFjIJFl2UwYglde2jchW2Hwm4GJFLDiSXWdTrJQBIN9Fcyp7n4DhxJEiWNAJMV1/BqWfW/kkg71UDcHJyTQ==",
      "license": "MIT",
      "peer": true,
      "funding": {
        "url": "https://github.com/sponsors/colinhacks"
      }
    }
  }
}
